// !$*UTF8*$!
{
	archiveVersion = 1;
	classes = {
	};
	objectVersion = 56;
	objects = {

/* Begin PBXBuildFile section */
		980FEB6A2A69E39600C6ADF7 /* CharacterDetailView.swift in Sources */ = {isa = PBXBuildFile; fileRef = 980FEB692A69E39600C6ADF7 /* CharacterDetailView.swift */; };
		980FEB6D2A69EA1600C6ADF7 /* Array+Extensions.swift in Sources */ = {isa = PBXBuildFile; fileRef = 980FEB6C2A69EA1600C6ADF7 /* Array+Extensions.swift */; };
		981EBF292A69D20400F6F6A4 /* Image.swift in Sources */ = {isa = PBXBuildFile; fileRef = 981EBF282A69D20400F6F6A4 /* Image.swift */; };
		981EBF2B2A69D45100F6F6A4 /* Colors.swift in Sources */ = {isa = PBXBuildFile; fileRef = 981EBF2A2A69D45100F6F6A4 /* Colors.swift */; };
		98238E862A6A611E00FA2702 /* InfoLabel.swift in Sources */ = {isa = PBXBuildFile; fileRef = 98238E852A6A611E00FA2702 /* InfoLabel.swift */; };
		98238E892A6A8D6E00FA2702 /* LocationRequest.swift in Sources */ = {isa = PBXBuildFile; fileRef = 98238E882A6A8D6E00FA2702 /* LocationRequest.swift */; };
		98238E8B2A6A8D7E00FA2702 /* LocationResponse.swift in Sources */ = {isa = PBXBuildFile; fileRef = 98238E8A2A6A8D7E00FA2702 /* LocationResponse.swift */; };
		98238E8D2A6A8D8C00FA2702 /* LocationService.swift in Sources */ = {isa = PBXBuildFile; fileRef = 98238E8C2A6A8D8C00FA2702 /* LocationService.swift */; };
		98238E922A6A91D100FA2702 /* LocationsView.swift in Sources */ = {isa = PBXBuildFile; fileRef = 98238E912A6A91D100FA2702 /* LocationsView.swift */; };
		98238E942A6A91EF00FA2702 /* LocationsViewModel.swift in Sources */ = {isa = PBXBuildFile; fileRef = 98238E932A6A91EF00FA2702 /* LocationsViewModel.swift */; };
		98238E982A6A983B00FA2702 /* LocationCell.swift in Sources */ = {isa = PBXBuildFile; fileRef = 98238E972A6A983B00FA2702 /* LocationCell.swift */; };
		98238E9B2A6A994400FA2702 /* Int+Extensions.swift in Sources */ = {isa = PBXBuildFile; fileRef = 98238E9A2A6A994400FA2702 /* Int+Extensions.swift */; };
		98238E9E2A6AA0E600FA2702 /* AppRepository.swift in Sources */ = {isa = PBXBuildFile; fileRef = 98238E9D2A6AA0E600FA2702 /* AppRepository.swift */; };
		98238EA02A6AA10C00FA2702 /* StorageKeys.swift in Sources */ = {isa = PBXBuildFile; fileRef = 98238E9F2A6AA10C00FA2702 /* StorageKeys.swift */; };
		98238EA32A6AA2AB00FA2702 /* MockCharactersService.swift in Sources */ = {isa = PBXBuildFile; fileRef = 98238EA22A6AA2AB00FA2702 /* MockCharactersService.swift */; };
		98238EA42A6AA2D300FA2702 /* CharacterService.swift in Sources */ = {isa = PBXBuildFile; fileRef = 98D8F9932A69C4C2006136A4 /* CharacterService.swift */; };
		98238EA52A6AA2E100FA2702 /* CharactersResponse.swift in Sources */ = {isa = PBXBuildFile; fileRef = 98D8F9912A69C496006136A4 /* CharactersResponse.swift */; };
		98238EA62A6AA2F100FA2702 /* CharacterRequest.swift in Sources */ = {isa = PBXBuildFile; fileRef = 98D8F98F2A69C441006136A4 /* CharacterRequest.swift */; };
		98238EA72A6AA47500FA2702 /* CharactersViewModel.swift in Sources */ = {isa = PBXBuildFile; fileRef = 98D8F9772A69C2AE006136A4 /* CharactersViewModel.swift */; };
		98238EA92A6AD31C00FA2702 /* MockRepository.swift in Sources */ = {isa = PBXBuildFile; fileRef = 98238EA82A6AD31C00FA2702 /* MockRepository.swift */; };
		98238EAA2A6AD3A300FA2702 /* AppRepository.swift in Sources */ = {isa = PBXBuildFile; fileRef = 98238E9D2A6AA0E600FA2702 /* AppRepository.swift */; };
		98238EAB2A6AD3A600FA2702 /* StorageKeys.swift in Sources */ = {isa = PBXBuildFile; fileRef = 98238E9F2A6AA10C00FA2702 /* StorageKeys.swift */; };
		98238EAC2A6AD66500FA2702 /* NetworkRequester.swift in Sources */ = {isa = PBXBuildFile; fileRef = 98D8F98B2A69C40C006136A4 /* NetworkRequester.swift */; };
		98238EAD2A6AD67500FA2702 /* APIRequest.swift in Sources */ = {isa = PBXBuildFile; fileRef = 98D8F9832A69C3A1006136A4 /* APIRequest.swift */; };
		98238EAE2A6AD68300FA2702 /* HTTPMethods.swift in Sources */ = {isa = PBXBuildFile; fileRef = 98D8F9852A69C3B7006136A4 /* HTTPMethods.swift */; };
		98238EAF2A6AD69000FA2702 /* ServicesURL.swift in Sources */ = {isa = PBXBuildFile; fileRef = 98D8F9802A69C355006136A4 /* ServicesURL.swift */; };
		98238EB02A6AD6A200FA2702 /* APIPath.swift in Sources */ = {isa = PBXBuildFile; fileRef = 98D8F97E2A69C316006136A4 /* APIPath.swift */; };
		98238EB12A6AD6A700FA2702 /* NetworkRequest.swift in Sources */ = {isa = PBXBuildFile; fileRef = 98D8F9892A69C3F3006136A4 /* NetworkRequest.swift */; };
		98238EB22A6AD70100FA2702 /* Int+Extensions.swift in Sources */ = {isa = PBXBuildFile; fileRef = 98238E9A2A6A994400FA2702 /* Int+Extensions.swift */; };
		98238EB32A6AD71700FA2702 /* APIError.swift in Sources */ = {isa = PBXBuildFile; fileRef = 98D8F9872A69C3DC006136A4 /* APIError.swift */; };
		987255692A6AFD7D00E0774A /* ResidentsView.swift in Sources */ = {isa = PBXBuildFile; fileRef = 987255682A6AFD7D00E0774A /* ResidentsView.swift */; };
		987A639E2A699D42005209BB /* Rick_and_Morty_WikiApp.swift in Sources */ = {isa = PBXBuildFile; fileRef = 987A639D2A699D42005209BB /* Rick_and_Morty_WikiApp.swift */; };
		987A63A02A699D42005209BB /* CharacterView.swift in Sources */ = {isa = PBXBuildFile; fileRef = 987A639F2A699D42005209BB /* CharacterView.swift */; };
		987A63A22A699D42005209BB /* Assets.xcassets in Resources */ = {isa = PBXBuildFile; fileRef = 987A63A12A699D42005209BB /* Assets.xcassets */; };
		987A63A52A699D42005209BB /* Preview Assets.xcassets in Resources */ = {isa = PBXBuildFile; fileRef = 987A63A42A699D42005209BB /* Preview Assets.xcassets */; };
		987A63AF2A699D42005209BB /* CharactersViewModelTests.swift in Sources */ = {isa = PBXBuildFile; fileRef = 987A63AE2A699D42005209BB /* CharactersViewModelTests.swift */; };
		988448762A69D736007785D5 /* CharacterCell.swift in Sources */ = {isa = PBXBuildFile; fileRef = 988448752A69D736007785D5 /* CharacterCell.swift */; };
		98D8F9782A69C2AE006136A4 /* CharactersViewModel.swift in Sources */ = {isa = PBXBuildFile; fileRef = 98D8F9772A69C2AE006136A4 /* CharactersViewModel.swift */; };
		98D8F97F2A69C316006136A4 /* APIPath.swift in Sources */ = {isa = PBXBuildFile; fileRef = 98D8F97E2A69C316006136A4 /* APIPath.swift */; };
		98D8F9812A69C355006136A4 /* ServicesURL.swift in Sources */ = {isa = PBXBuildFile; fileRef = 98D8F9802A69C355006136A4 /* ServicesURL.swift */; };
		98D8F9842A69C3A1006136A4 /* APIRequest.swift in Sources */ = {isa = PBXBuildFile; fileRef = 98D8F9832A69C3A1006136A4 /* APIRequest.swift */; };
		98D8F9862A69C3B7006136A4 /* HTTPMethods.swift in Sources */ = {isa = PBXBuildFile; fileRef = 98D8F9852A69C3B7006136A4 /* HTTPMethods.swift */; };
		98D8F9882A69C3DC006136A4 /* APIError.swift in Sources */ = {isa = PBXBuildFile; fileRef = 98D8F9872A69C3DC006136A4 /* APIError.swift */; };
		98D8F98A2A69C3F3006136A4 /* NetworkRequest.swift in Sources */ = {isa = PBXBuildFile; fileRef = 98D8F9892A69C3F3006136A4 /* NetworkRequest.swift */; };
		98D8F98C2A69C40C006136A4 /* NetworkRequester.swift in Sources */ = {isa = PBXBuildFile; fileRef = 98D8F98B2A69C40C006136A4 /* NetworkRequester.swift */; };
		98D8F9902A69C441006136A4 /* CharacterRequest.swift in Sources */ = {isa = PBXBuildFile; fileRef = 98D8F98F2A69C441006136A4 /* CharacterRequest.swift */; };
		98D8F9922A69C496006136A4 /* CharactersResponse.swift in Sources */ = {isa = PBXBuildFile; fileRef = 98D8F9912A69C496006136A4 /* CharactersResponse.swift */; };
		98D8F9942A69C4C2006136A4 /* CharacterService.swift in Sources */ = {isa = PBXBuildFile; fileRef = 98D8F9932A69C4C2006136A4 /* CharacterService.swift */; };
/* End PBXBuildFile section */

/* Begin PBXContainerItemProxy section */
		987A63AB2A699D42005209BB /* PBXContainerItemProxy */ = {
			isa = PBXContainerItemProxy;
			containerPortal = 987A63922A699D42005209BB /* Project object */;
			proxyType = 1;
			remoteGlobalIDString = 987A63992A699D42005209BB;
			remoteInfo = "Rick and Morty Wiki";
		};
/* End PBXContainerItemProxy section */

/* Begin PBXFileReference section */
		980FEB692A69E39600C6ADF7 /* CharacterDetailView.swift */ = {isa = PBXFileReference; lastKnownFileType = sourcecode.swift; name = CharacterDetailView.swift; path = "Rick And Morty Wiki/Views/CharacterDetailView/CharacterDetailView.swift"; sourceTree = SOURCE_ROOT; };
		980FEB6C2A69EA1600C6ADF7 /* Array+Extensions.swift */ = {isa = PBXFileReference; lastKnownFileType = sourcecode.swift; name = "Array+Extensions.swift"; path = "Rick and Morty Wiki/Commons/Extensions/Array+Extensions.swift"; sourceTree = SOURCE_ROOT; };
		981EBF282A69D20400F6F6A4 /* Image.swift */ = {isa = PBXFileReference; lastKnownFileType = sourcecode.swift; name = Image.swift; path = "Rick And Morty Wiki/Resources/Image.swift"; sourceTree = SOURCE_ROOT; };
		981EBF2A2A69D45100F6F6A4 /* Colors.swift */ = {isa = PBXFileReference; lastKnownFileType = sourcecode.swift; name = Colors.swift; path = "Rick And Morty Wiki/Resources/Colors.swift"; sourceTree = SOURCE_ROOT; };
		98238E852A6A611E00FA2702 /* InfoLabel.swift */ = {isa = PBXFileReference; lastKnownFileType = sourcecode.swift; name = InfoLabel.swift; path = "Rick And Morty Wiki/Views/CharacterDetailView/InfoLabel.swift"; sourceTree = SOURCE_ROOT; };
		98238E882A6A8D6E00FA2702 /* LocationRequest.swift */ = {isa = PBXFileReference; lastKnownFileType = sourcecode.swift; name = LocationRequest.swift; path = "Rick And Morty Wiki/Services/LocationService/LocationRequest.swift"; sourceTree = SOURCE_ROOT; };
		98238E8A2A6A8D7E00FA2702 /* LocationResponse.swift */ = {isa = PBXFileReference; lastKnownFileType = sourcecode.swift; name = LocationResponse.swift; path = "Rick And Morty Wiki/Services/LocationService/LocationResponse.swift"; sourceTree = SOURCE_ROOT; };
		98238E8C2A6A8D8C00FA2702 /* LocationService.swift */ = {isa = PBXFileReference; lastKnownFileType = sourcecode.swift; name = LocationService.swift; path = "Rick And Morty Wiki/Services/LocationService/LocationService.swift"; sourceTree = SOURCE_ROOT; };
		98238E912A6A91D100FA2702 /* LocationsView.swift */ = {isa = PBXFileReference; lastKnownFileType = sourcecode.swift; name = LocationsView.swift; path = "Rick And Morty Wiki/Views/LocationsView/LocationsView.swift"; sourceTree = SOURCE_ROOT; };
		98238E932A6A91EF00FA2702 /* LocationsViewModel.swift */ = {isa = PBXFileReference; lastKnownFileType = sourcecode.swift; name = LocationsViewModel.swift; path = "Rick And Morty Wiki/ViewModels/LocationsViewModel.swift"; sourceTree = SOURCE_ROOT; };
		98238E972A6A983B00FA2702 /* LocationCell.swift */ = {isa = PBXFileReference; lastKnownFileType = sourcecode.swift; name = LocationCell.swift; path = "Rick And Morty Wiki/Views/LocationsView/LocationCell.swift"; sourceTree = SOURCE_ROOT; };
		98238E9A2A6A994400FA2702 /* Int+Extensions.swift */ = {isa = PBXFileReference; lastKnownFileType = sourcecode.swift; name = "Int+Extensions.swift"; path = "Rick And Morty Wiki/Commons/Extensions/Int+Extensions.swift"; sourceTree = SOURCE_ROOT; };
		98238E9D2A6AA0E600FA2702 /* AppRepository.swift */ = {isa = PBXFileReference; lastKnownFileType = sourcecode.swift; name = AppRepository.swift; path = "Rick And Morty Wiki/Data/LocalStorage/AppRepository.swift"; sourceTree = SOURCE_ROOT; };
		98238E9F2A6AA10C00FA2702 /* StorageKeys.swift */ = {isa = PBXFileReference; lastKnownFileType = sourcecode.swift; name = StorageKeys.swift; path = "Rick And Morty Wiki/Data/LocalStorage/StorageKeys.swift"; sourceTree = SOURCE_ROOT; };
		98238EA22A6AA2AB00FA2702 /* MockCharactersService.swift */ = {isa = PBXFileReference; lastKnownFileType = sourcecode.swift; path = MockCharactersService.swift; sourceTree = "<group>"; };
		98238EA82A6AD31C00FA2702 /* MockRepository.swift */ = {isa = PBXFileReference; lastKnownFileType = sourcecode.swift; path = MockRepository.swift; sourceTree = "<group>"; };
		987255652A6AE0B200E0774A /* Rick and Morty Wiki.xctestplan */ = {isa = PBXFileReference; lastKnownFileType = text; path = "Rick and Morty Wiki.xctestplan"; sourceTree = "<group>"; };
		987255682A6AFD7D00E0774A /* ResidentsView.swift */ = {isa = PBXFileReference; lastKnownFileType = sourcecode.swift; name = ResidentsView.swift; path = "Rick And Morty Wiki/Views/CharacterView/ResidentsView.swift"; sourceTree = SOURCE_ROOT; };
		987A639A2A699D42005209BB /* Rick and Morty Wiki.app */ = {isa = PBXFileReference; explicitFileType = wrapper.application; includeInIndex = 0; path = "Rick and Morty Wiki.app"; sourceTree = BUILT_PRODUCTS_DIR; };
		987A639D2A699D42005209BB /* Rick_and_Morty_WikiApp.swift */ = {isa = PBXFileReference; lastKnownFileType = sourcecode.swift; path = Rick_and_Morty_WikiApp.swift; sourceTree = "<group>"; };
		987A639F2A699D42005209BB /* CharacterView.swift */ = {isa = PBXFileReference; lastKnownFileType = sourcecode.swift; path = CharacterView.swift; sourceTree = "<group>"; };
		987A63A12A699D42005209BB /* Assets.xcassets */ = {isa = PBXFileReference; lastKnownFileType = folder.assetcatalog; path = Assets.xcassets; sourceTree = "<group>"; };
		987A63A42A699D42005209BB /* Preview Assets.xcassets */ = {isa = PBXFileReference; lastKnownFileType = folder.assetcatalog; path = "Preview Assets.xcassets"; sourceTree = "<group>"; };
		987A63AA2A699D42005209BB /* Rick and Morty WikiTests.xctest */ = {isa = PBXFileReference; explicitFileType = wrapper.cfbundle; includeInIndex = 0; path = "Rick and Morty WikiTests.xctest"; sourceTree = BUILT_PRODUCTS_DIR; };
		987A63AE2A699D42005209BB /* CharactersViewModelTests.swift */ = {isa = PBXFileReference; lastKnownFileType = sourcecode.swift; path = CharactersViewModelTests.swift; sourceTree = "<group>"; };
		988448752A69D736007785D5 /* CharacterCell.swift */ = {isa = PBXFileReference; lastKnownFileType = sourcecode.swift; name = CharacterCell.swift; path = "Rick And Morty Wiki/Views/CharacterView/CharacterCell.swift"; sourceTree = SOURCE_ROOT; };
		98D8F9772A69C2AE006136A4 /* CharactersViewModel.swift */ = {isa = PBXFileReference; lastKnownFileType = sourcecode.swift; name = CharactersViewModel.swift; path = "Rick And Morty Wiki/ViewModels/CharactersViewModel.swift"; sourceTree = SOURCE_ROOT; };
		98D8F97E2A69C316006136A4 /* APIPath.swift */ = {isa = PBXFileReference; lastKnownFileType = sourcecode.swift; name = APIPath.swift; path = "Rick And Morty Wiki/Data/Network/API/APIPath.swift"; sourceTree = SOURCE_ROOT; };
		98D8F9802A69C355006136A4 /* ServicesURL.swift */ = {isa = PBXFileReference; lastKnownFileType = sourcecode.swift; name = ServicesURL.swift; path = "Rick And Morty Wiki/Data/Network/API/ServicesURL.swift"; sourceTree = SOURCE_ROOT; };
		98D8F9832A69C3A1006136A4 /* APIRequest.swift */ = {isa = PBXFileReference; lastKnownFileType = sourcecode.swift; name = APIRequest.swift; path = "Rick And Morty Wiki/Data/Network/APIModels/APIRequest.swift"; sourceTree = SOURCE_ROOT; };
		98D8F9852A69C3B7006136A4 /* HTTPMethods.swift */ = {isa = PBXFileReference; lastKnownFileType = sourcecode.swift; name = HTTPMethods.swift; path = "Rick And Morty Wiki/Data/Network/APIModels/HTTPMethods.swift"; sourceTree = SOURCE_ROOT; };
		98D8F9872A69C3DC006136A4 /* APIError.swift */ = {isa = PBXFileReference; lastKnownFileType = sourcecode.swift; name = APIError.swift; path = "Rick And Morty Wiki/Data/Network/APIModels/APIError.swift"; sourceTree = SOURCE_ROOT; };
		98D8F9892A69C3F3006136A4 /* NetworkRequest.swift */ = {isa = PBXFileReference; lastKnownFileType = sourcecode.swift; name = NetworkRequest.swift; path = "Rick And Morty Wiki/Data/Network/NetworkRequest.swift"; sourceTree = SOURCE_ROOT; };
		98D8F98B2A69C40C006136A4 /* NetworkRequester.swift */ = {isa = PBXFileReference; lastKnownFileType = sourcecode.swift; name = NetworkRequester.swift; path = "Rick And Morty Wiki/Data/Network/NetworkRequester.swift"; sourceTree = SOURCE_ROOT; };
		98D8F98F2A69C441006136A4 /* CharacterRequest.swift */ = {isa = PBXFileReference; lastKnownFileType = sourcecode.swift; name = CharacterRequest.swift; path = "Rick And Morty Wiki/Services/CharacterService/CharacterRequest.swift"; sourceTree = SOURCE_ROOT; };
		98D8F9912A69C496006136A4 /* CharactersResponse.swift */ = {isa = PBXFileReference; lastKnownFileType = sourcecode.swift; name = CharactersResponse.swift; path = "Rick And Morty Wiki/Services/CharacterService/CharactersResponse.swift"; sourceTree = SOURCE_ROOT; };
		98D8F9932A69C4C2006136A4 /* CharacterService.swift */ = {isa = PBXFileReference; lastKnownFileType = sourcecode.swift; name = CharacterService.swift; path = "Rick And Morty Wiki/Services/CharacterService/CharacterService.swift"; sourceTree = SOURCE_ROOT; };
/* End PBXFileReference section */

/* Begin PBXFrameworksBuildPhase section */
		987A63972A699D42005209BB /* Frameworks */ = {
			isa = PBXFrameworksBuildPhase;
			buildActionMask = 2147483647;
			files = (
			);
			runOnlyForDeploymentPostprocessing = 0;
		};
		987A63A72A699D42005209BB /* Frameworks */ = {
			isa = PBXFrameworksBuildPhase;
			buildActionMask = 2147483647;
			files = (
			);
			runOnlyForDeploymentPostprocessing = 0;
		};
/* End PBXFrameworksBuildPhase section */

/* Begin PBXGroup section */
		980FEB682A69E2B200C6ADF7 /* CharacterDetailView */ = {
			isa = PBXGroup;
			children = (
				980FEB692A69E39600C6ADF7 /* CharacterDetailView.swift */,
				98238E852A6A611E00FA2702 /* InfoLabel.swift */,
			);
			path = CharacterDetailView;
			sourceTree = "<group>";
		};
		980FEB6B2A69EA0000C6ADF7 /* Commons */ = {
			isa = PBXGroup;
			children = (
				98238E992A6A992B00FA2702 /* Extensions */,
			);
			path = Commons;
			sourceTree = "<group>";
		};
		981EBF2C2A69D70000F6F6A4 /* CharacterView */ = {
			isa = PBXGroup;
			children = (
				987A639F2A699D42005209BB /* CharacterView.swift */,
				988448752A69D736007785D5 /* CharacterCell.swift */,
				987255682A6AFD7D00E0774A /* ResidentsView.swift */,
			);
			path = CharacterView;
			sourceTree = "<group>";
		};
		98238E872A6A8D5700FA2702 /* LocationService */ = {
			isa = PBXGroup;
			children = (
				98238E882A6A8D6E00FA2702 /* LocationRequest.swift */,
				98238E8A2A6A8D7E00FA2702 /* LocationResponse.swift */,
				98238E8C2A6A8D8C00FA2702 /* LocationService.swift */,
			);
			path = LocationService;
			sourceTree = "<group>";
		};
		98238E8E2A6A91A400FA2702 /* LocationsView */ = {
			isa = PBXGroup;
			children = (
				98238E912A6A91D100FA2702 /* LocationsView.swift */,
				98238E972A6A983B00FA2702 /* LocationCell.swift */,
			);
			path = LocationsView;
			sourceTree = "<group>";
		};
		98238E992A6A992B00FA2702 /* Extensions */ = {
			isa = PBXGroup;
			children = (
				980FEB6C2A69EA1600C6ADF7 /* Array+Extensions.swift */,
				98238E9A2A6A994400FA2702 /* Int+Extensions.swift */,
			);
			path = Extensions;
			sourceTree = "<group>";
		};
		98238E9C2A6AA07A00FA2702 /* LocalStorage */ = {
			isa = PBXGroup;
			children = (
				98238E9D2A6AA0E600FA2702 /* AppRepository.swift */,
				98238E9F2A6AA10C00FA2702 /* StorageKeys.swift */,
			);
			path = LocalStorage;
			sourceTree = "<group>";
		};
		98238EA12A6AA28800FA2702 /* Mock Services */ = {
			isa = PBXGroup;
			children = (
				98238EA22A6AA2AB00FA2702 /* MockCharactersService.swift */,
				98238EA82A6AD31C00FA2702 /* MockRepository.swift */,
			);
			path = "Mock Services";
			sourceTree = "<group>";
		};
		987A63912A699D42005209BB = {
			isa = PBXGroup;
			children = (
				987255652A6AE0B200E0774A /* Rick and Morty Wiki.xctestplan */,
				987A639C2A699D42005209BB /* Rick and Morty Wiki */,
				987A63AD2A699D42005209BB /* Rick and Morty WikiTests */,
				987A639B2A699D42005209BB /* Products */,
			);
			sourceTree = "<group>";
		};
		987A639B2A699D42005209BB /* Products */ = {
			isa = PBXGroup;
			children = (
				987A639A2A699D42005209BB /* Rick and Morty Wiki.app */,
				987A63AA2A699D42005209BB /* Rick and Morty WikiTests.xctest */,
			);
			name = Products;
			sourceTree = "<group>";
		};
		987A639C2A699D42005209BB /* Rick and Morty Wiki */ = {
			isa = PBXGroup;
			children = (
				980FEB6B2A69EA0000C6ADF7 /* Commons */,
				98D8F9792A69C2B6006136A4 /* App */,
				98D8F9752A69C03B006136A4 /* Views */,
				98D8F9762A69C04B006136A4 /* ViewModels */,
				98D8F97A2A69C2C1006136A4 /* Data */,
				98D8F98D2A69C423006136A4 /* Services */,
				98D8F97B2A69C2CC006136A4 /* Resources */,
				987A63A12A699D42005209BB /* Assets.xcassets */,
				987A63A32A699D42005209BB /* Preview Content */,
			);
			path = "Rick and Morty Wiki";
			sourceTree = "<group>";
		};
		987A63A32A699D42005209BB /* Preview Content */ = {
			isa = PBXGroup;
			children = (
				987A63A42A699D42005209BB /* Preview Assets.xcassets */,
			);
			path = "Preview Content";
			sourceTree = "<group>";
		};
		987A63AD2A699D42005209BB /* Rick and Morty WikiTests */ = {
			isa = PBXGroup;
			children = (
				98238EA12A6AA28800FA2702 /* Mock Services */,
				987A63AE2A699D42005209BB /* CharactersViewModelTests.swift */,
			);
			path = "Rick and Morty WikiTests";
			sourceTree = "<group>";
		};
		98D8F9752A69C03B006136A4 /* Views */ = {
			isa = PBXGroup;
			children = (
				98238E8E2A6A91A400FA2702 /* LocationsView */,
				980FEB682A69E2B200C6ADF7 /* CharacterDetailView */,
				981EBF2C2A69D70000F6F6A4 /* CharacterView */,
			);
			path = Views;
			sourceTree = "<group>";
		};
		98D8F9762A69C04B006136A4 /* ViewModels */ = {
			isa = PBXGroup;
			children = (
				98D8F9772A69C2AE006136A4 /* CharactersViewModel.swift */,
				98238E932A6A91EF00FA2702 /* LocationsViewModel.swift */,
			);
			path = ViewModels;
			sourceTree = "<group>";
		};
		98D8F9792A69C2B6006136A4 /* App */ = {
			isa = PBXGroup;
			children = (
				987A639D2A699D42005209BB /* Rick_and_Morty_WikiApp.swift */,
			);
			path = App;
			sourceTree = "<group>";
		};
		98D8F97A2A69C2C1006136A4 /* Data */ = {
			isa = PBXGroup;
			children = (
				98238E9C2A6AA07A00FA2702 /* LocalStorage */,
				98D8F97C2A69C2E7006136A4 /* Network */,
			);
			path = Data;
			sourceTree = "<group>";
		};
		98D8F97B2A69C2CC006136A4 /* Resources */ = {
			isa = PBXGroup;
			children = (
				981EBF282A69D20400F6F6A4 /* Image.swift */,
				981EBF2A2A69D45100F6F6A4 /* Colors.swift */,
			);
			path = Resources;
			sourceTree = "<group>";
		};
		98D8F97C2A69C2E7006136A4 /* Network */ = {
			isa = PBXGroup;
			children = (
				98D8F9822A69C382006136A4 /* APIModels */,
				98D8F97D2A69C2FE006136A4 /* API */,
				98D8F9892A69C3F3006136A4 /* NetworkRequest.swift */,
				98D8F98B2A69C40C006136A4 /* NetworkRequester.swift */,
			);
			path = Network;
			sourceTree = "<group>";
		};
		98D8F97D2A69C2FE006136A4 /* API */ = {
			isa = PBXGroup;
			children = (
				98D8F97E2A69C316006136A4 /* APIPath.swift */,
				98D8F9802A69C355006136A4 /* ServicesURL.swift */,
			);
			path = API;
			sourceTree = "<group>";
		};
		98D8F9822A69C382006136A4 /* APIModels */ = {
			isa = PBXGroup;
			children = (
				98D8F9832A69C3A1006136A4 /* APIRequest.swift */,
				98D8F9852A69C3B7006136A4 /* HTTPMethods.swift */,
				98D8F9872A69C3DC006136A4 /* APIError.swift */,
			);
			path = APIModels;
			sourceTree = "<group>";
		};
		98D8F98D2A69C423006136A4 /* Services */ = {
			isa = PBXGroup;
			children = (
				98238E872A6A8D5700FA2702 /* LocationService */,
				98D8F98E2A69C42E006136A4 /* CharacterService */,
			);
			path = Services;
			sourceTree = "<group>";
		};
		98D8F98E2A69C42E006136A4 /* CharacterService */ = {
			isa = PBXGroup;
			children = (
				98D8F98F2A69C441006136A4 /* CharacterRequest.swift */,
				98D8F9912A69C496006136A4 /* CharactersResponse.swift */,
				98D8F9932A69C4C2006136A4 /* CharacterService.swift */,
			);
			path = CharacterService;
			sourceTree = "<group>";
		};
/* End PBXGroup section */

/* Begin PBXNativeTarget section */
		987A63992A699D42005209BB /* Rick and Morty Wiki */ = {
			isa = PBXNativeTarget;
			buildConfigurationList = 987A63BE2A699D42005209BB /* Build configuration list for PBXNativeTarget "Rick and Morty Wiki" */;
			buildPhases = (
				987A63962A699D42005209BB /* Sources */,
				987A63972A699D42005209BB /* Frameworks */,
				987A63982A699D42005209BB /* Resources */,
			);
			buildRules = (
			);
			dependencies = (
			);
			name = "Rick and Morty Wiki";
			productName = "Rick and Morty Wiki";
			productReference = 987A639A2A699D42005209BB /* Rick and Morty Wiki.app */;
			productType = "com.apple.product-type.application";
		};
		987A63A92A699D42005209BB /* Rick and Morty WikiTests */ = {
			isa = PBXNativeTarget;
			buildConfigurationList = 987A63C12A699D42005209BB /* Build configuration list for PBXNativeTarget "Rick and Morty WikiTests" */;
			buildPhases = (
				987A63A62A699D42005209BB /* Sources */,
				987A63A72A699D42005209BB /* Frameworks */,
				987A63A82A699D42005209BB /* Resources */,
			);
			buildRules = (
			);
			dependencies = (
				987A63AC2A699D42005209BB /* PBXTargetDependency */,
			);
			name = "Rick and Morty WikiTests";
			productName = "Rick and Morty WikiTests";
			productReference = 987A63AA2A699D42005209BB /* Rick and Morty WikiTests.xctest */;
			productType = "com.apple.product-type.bundle.unit-test";
		};
/* End PBXNativeTarget section */

/* Begin PBXProject section */
		987A63922A699D42005209BB /* Project object */ = {
			isa = PBXProject;
			attributes = {
				BuildIndependentTargetsInParallel = 1;
				LastSwiftUpdateCheck = 1430;
				LastUpgradeCheck = 1430;
				TargetAttributes = {
					987A63992A699D42005209BB = {
						CreatedOnToolsVersion = 14.3.1;
					};
					987A63A92A699D42005209BB = {
						CreatedOnToolsVersion = 14.3.1;
						TestTargetID = 987A63992A699D42005209BB;
					};
				};
			};
			buildConfigurationList = 987A63952A699D42005209BB /* Build configuration list for PBXProject "Rick and Morty Wiki" */;
			compatibilityVersion = "Xcode 14.0";
			developmentRegion = en;
			hasScannedForEncodings = 0;
			knownRegions = (
				en,
				Base,
			);
			mainGroup = 987A63912A699D42005209BB;
			productRefGroup = 987A639B2A699D42005209BB /* Products */;
			projectDirPath = "";
			projectRoot = "";
			targets = (
				987A63992A699D42005209BB /* Rick and Morty Wiki */,
				987A63A92A699D42005209BB /* Rick and Morty WikiTests */,
			);
		};
/* End PBXProject section */

/* Begin PBXResourcesBuildPhase section */
		987A63982A699D42005209BB /* Resources */ = {
			isa = PBXResourcesBuildPhase;
			buildActionMask = 2147483647;
			files = (
				987A63A52A699D42005209BB /* Preview Assets.xcassets in Resources */,
				987A63A22A699D42005209BB /* Assets.xcassets in Resources */,
			);
			runOnlyForDeploymentPostprocessing = 0;
		};
		987A63A82A699D42005209BB /* Resources */ = {
			isa = PBXResourcesBuildPhase;
			buildActionMask = 2147483647;
			files = (
			);
			runOnlyForDeploymentPostprocessing = 0;
		};
/* End PBXResourcesBuildPhase section */

/* Begin PBXSourcesBuildPhase section */
		987A63962A699D42005209BB /* Sources */ = {
			isa = PBXSourcesBuildPhase;
			buildActionMask = 2147483647;
			files = (
				98D8F9782A69C2AE006136A4 /* CharactersViewModel.swift in Sources */,
				987255692A6AFD7D00E0774A /* ResidentsView.swift in Sources */,
				98238EA02A6AA10C00FA2702 /* StorageKeys.swift in Sources */,
				980FEB6D2A69EA1600C6ADF7 /* Array+Extensions.swift in Sources */,
				981EBF2B2A69D45100F6F6A4 /* Colors.swift in Sources */,
				987A63A02A699D42005209BB /* CharacterView.swift in Sources */,
				98D8F9812A69C355006136A4 /* ServicesURL.swift in Sources */,
				98238E9B2A6A994400FA2702 /* Int+Extensions.swift in Sources */,
				98D8F98C2A69C40C006136A4 /* NetworkRequester.swift in Sources */,
				98238E9E2A6AA0E600FA2702 /* AppRepository.swift in Sources */,
				98238E8D2A6A8D8C00FA2702 /* LocationService.swift in Sources */,
				980FEB6A2A69E39600C6ADF7 /* CharacterDetailView.swift in Sources */,
				987A639E2A699D42005209BB /* Rick_and_Morty_WikiApp.swift in Sources */,
				98238E8B2A6A8D7E00FA2702 /* LocationResponse.swift in Sources */,
				98238E922A6A91D100FA2702 /* LocationsView.swift in Sources */,
				98D8F9842A69C3A1006136A4 /* APIRequest.swift in Sources */,
				98D8F9922A69C496006136A4 /* CharactersResponse.swift in Sources */,
				98238E892A6A8D6E00FA2702 /* LocationRequest.swift in Sources */,
				98238E862A6A611E00FA2702 /* InfoLabel.swift in Sources */,
				981EBF292A69D20400F6F6A4 /* Image.swift in Sources */,
				98D8F9882A69C3DC006136A4 /* APIError.swift in Sources */,
				98D8F9902A69C441006136A4 /* CharacterRequest.swift in Sources */,
				988448762A69D736007785D5 /* CharacterCell.swift in Sources */,
				98238E942A6A91EF00FA2702 /* LocationsViewModel.swift in Sources */,
				98D8F97F2A69C316006136A4 /* APIPath.swift in Sources */,
				98238E982A6A983B00FA2702 /* LocationCell.swift in Sources */,
				98D8F98A2A69C3F3006136A4 /* NetworkRequest.swift in Sources */,
				98D8F9942A69C4C2006136A4 /* CharacterService.swift in Sources */,
				98D8F9862A69C3B7006136A4 /* HTTPMethods.swift in Sources */,
			);
			runOnlyForDeploymentPostprocessing = 0;
		};
		987A63A62A699D42005209BB /* Sources */ = {
			isa = PBXSourcesBuildPhase;
			buildActionMask = 2147483647;
			files = (
				98238EA72A6AA47500FA2702 /* CharactersViewModel.swift in Sources */,
				98238EA92A6AD31C00FA2702 /* MockRepository.swift in Sources */,
				98238EA62A6AA2F100FA2702 /* CharacterRequest.swift in Sources */,
				98238EB32A6AD71700FA2702 /* APIError.swift in Sources */,
				98238EAC2A6AD66500FA2702 /* NetworkRequester.swift in Sources */,
				98238EB12A6AD6A700FA2702 /* NetworkRequest.swift in Sources */,
				98238EB22A6AD70100FA2702 /* Int+Extensions.swift in Sources */,
				98238EAF2A6AD69000FA2702 /* ServicesURL.swift in Sources */,
				98238EA42A6AA2D300FA2702 /* CharacterService.swift in Sources */,
				987A63AF2A699D42005209BB /* CharactersViewModelTests.swift in Sources */,
				98238EA52A6AA2E100FA2702 /* CharactersResponse.swift in Sources */,
				98238EAD2A6AD67500FA2702 /* APIRequest.swift in Sources */,
				98238EAE2A6AD68300FA2702 /* HTTPMethods.swift in Sources */,
				98238EAB2A6AD3A600FA2702 /* StorageKeys.swift in Sources */,
				98238EB02A6AD6A200FA2702 /* APIPath.swift in Sources */,
				98238EA32A6AA2AB00FA2702 /* MockCharactersService.swift in Sources */,
				98238EAA2A6AD3A300FA2702 /* AppRepository.swift in Sources */,
			);
			runOnlyForDeploymentPostprocessing = 0;
		};
/* End PBXSourcesBuildPhase section */

/* Begin PBXTargetDependency section */
		987A63AC2A699D42005209BB /* PBXTargetDependency */ = {
			isa = PBXTargetDependency;
			target = 987A63992A699D42005209BB /* Rick and Morty Wiki */;
			targetProxy = 987A63AB2A699D42005209BB /* PBXContainerItemProxy */;
		};
/* End PBXTargetDependency section */

/* Begin XCBuildConfiguration section */
		987A63BC2A699D42005209BB /* Debug */ = {
			isa = XCBuildConfiguration;
			buildSettings = {
				ALWAYS_SEARCH_USER_PATHS = NO;
				CLANG_ANALYZER_NONNULL = YES;
				CLANG_ANALYZER_NUMBER_OBJECT_CONVERSION = YES_AGGRESSIVE;
				CLANG_CXX_LANGUAGE_STANDARD = "gnu++20";
				CLANG_ENABLE_MODULES = YES;
				CLANG_ENABLE_OBJC_ARC = YES;
				CLANG_ENABLE_OBJC_WEAK = YES;
				CLANG_WARN_BLOCK_CAPTURE_AUTORELEASING = YES;
				CLANG_WARN_BOOL_CONVERSION = YES;
				CLANG_WARN_COMMA = YES;
				CLANG_WARN_CONSTANT_CONVERSION = YES;
				CLANG_WARN_DEPRECATED_OBJC_IMPLEMENTATIONS = YES;
				CLANG_WARN_DIRECT_OBJC_ISA_USAGE = YES_ERROR;
				CLANG_WARN_DOCUMENTATION_COMMENTS = YES;
				CLANG_WARN_EMPTY_BODY = YES;
				CLANG_WARN_ENUM_CONVERSION = YES;
				CLANG_WARN_INFINITE_RECURSION = YES;
				CLANG_WARN_INT_CONVERSION = YES;
				CLANG_WARN_NON_LITERAL_NULL_CONVERSION = YES;
				CLANG_WARN_OBJC_IMPLICIT_RETAIN_SELF = YES;
				CLANG_WARN_OBJC_LITERAL_CONVERSION = YES;
				CLANG_WARN_OBJC_ROOT_CLASS = YES_ERROR;
				CLANG_WARN_QUOTED_INCLUDE_IN_FRAMEWORK_HEADER = YES;
				CLANG_WARN_RANGE_LOOP_ANALYSIS = YES;
				CLANG_WARN_STRICT_PROTOTYPES = YES;
				CLANG_WARN_SUSPICIOUS_MOVE = YES;
				CLANG_WARN_UNGUARDED_AVAILABILITY = YES_AGGRESSIVE;
				CLANG_WARN_UNREACHABLE_CODE = YES;
				CLANG_WARN__DUPLICATE_METHOD_MATCH = YES;
				COPY_PHASE_STRIP = NO;
				DEBUG_INFORMATION_FORMAT = dwarf;
				ENABLE_STRICT_OBJC_MSGSEND = YES;
				ENABLE_TESTABILITY = YES;
				GCC_C_LANGUAGE_STANDARD = gnu11;
				GCC_DYNAMIC_NO_PIC = NO;
				GCC_NO_COMMON_BLOCKS = YES;
				GCC_OPTIMIZATION_LEVEL = 0;
				GCC_PREPROCESSOR_DEFINITIONS = (
					"DEBUG=1",
					"$(inherited)",
				);
				GCC_WARN_64_TO_32_BIT_CONVERSION = YES;
				GCC_WARN_ABOUT_RETURN_TYPE = YES_ERROR;
				GCC_WARN_UNDECLARED_SELECTOR = YES;
				GCC_WARN_UNINITIALIZED_AUTOS = YES_AGGRESSIVE;
				GCC_WARN_UNUSED_FUNCTION = YES;
				GCC_WARN_UNUSED_VARIABLE = YES;
				IPHONEOS_DEPLOYMENT_TARGET = 16.4;
				MTL_ENABLE_DEBUG_INFO = INCLUDE_SOURCE;
				MTL_FAST_MATH = YES;
				ONLY_ACTIVE_ARCH = YES;
				SDKROOT = iphoneos;
				SWIFT_ACTIVE_COMPILATION_CONDITIONS = DEBUG;
				SWIFT_OPTIMIZATION_LEVEL = "-Onone";
			};
			name = Debug;
		};
		987A63BD2A699D42005209BB /* Release */ = {
			isa = XCBuildConfiguration;
			buildSettings = {
				ALWAYS_SEARCH_USER_PATHS = NO;
				CLANG_ANALYZER_NONNULL = YES;
				CLANG_ANALYZER_NUMBER_OBJECT_CONVERSION = YES_AGGRESSIVE;
				CLANG_CXX_LANGUAGE_STANDARD = "gnu++20";
				CLANG_ENABLE_MODULES = YES;
				CLANG_ENABLE_OBJC_ARC = YES;
				CLANG_ENABLE_OBJC_WEAK = YES;
				CLANG_WARN_BLOCK_CAPTURE_AUTORELEASING = YES;
				CLANG_WARN_BOOL_CONVERSION = YES;
				CLANG_WARN_COMMA = YES;
				CLANG_WARN_CONSTANT_CONVERSION = YES;
				CLANG_WARN_DEPRECATED_OBJC_IMPLEMENTATIONS = YES;
				CLANG_WARN_DIRECT_OBJC_ISA_USAGE = YES_ERROR;
				CLANG_WARN_DOCUMENTATION_COMMENTS = YES;
				CLANG_WARN_EMPTY_BODY = YES;
				CLANG_WARN_ENUM_CONVERSION = YES;
				CLANG_WARN_INFINITE_RECURSION = YES;
				CLANG_WARN_INT_CONVERSION = YES;
				CLANG_WARN_NON_LITERAL_NULL_CONVERSION = YES;
				CLANG_WARN_OBJC_IMPLICIT_RETAIN_SELF = YES;
				CLANG_WARN_OBJC_LITERAL_CONVERSION = YES;
				CLANG_WARN_OBJC_ROOT_CLASS = YES_ERROR;
				CLANG_WARN_QUOTED_INCLUDE_IN_FRAMEWORK_HEADER = YES;
				CLANG_WARN_RANGE_LOOP_ANALYSIS = YES;
				CLANG_WARN_STRICT_PROTOTYPES = YES;
				CLANG_WARN_SUSPICIOUS_MOVE = YES;
				CLANG_WARN_UNGUARDED_AVAILABILITY = YES_AGGRESSIVE;
				CLANG_WARN_UNREACHABLE_CODE = YES;
				CLANG_WARN__DUPLICATE_METHOD_MATCH = YES;
				COPY_PHASE_STRIP = NO;
				DEBUG_INFORMATION_FORMAT = "dwarf-with-dsym";
				ENABLE_NS_ASSERTIONS = NO;
				ENABLE_STRICT_OBJC_MSGSEND = YES;
				GCC_C_LANGUAGE_STANDARD = gnu11;
				GCC_NO_COMMON_BLOCKS = YES;
				GCC_WARN_64_TO_32_BIT_CONVERSION = YES;
				GCC_WARN_ABOUT_RETURN_TYPE = YES_ERROR;
				GCC_WARN_UNDECLARED_SELECTOR = YES;
				GCC_WARN_UNINITIALIZED_AUTOS = YES_AGGRESSIVE;
				GCC_WARN_UNUSED_FUNCTION = YES;
				GCC_WARN_UNUSED_VARIABLE = YES;
				IPHONEOS_DEPLOYMENT_TARGET = 16.4;
				MTL_ENABLE_DEBUG_INFO = NO;
				MTL_FAST_MATH = YES;
				SDKROOT = iphoneos;
				SWIFT_COMPILATION_MODE = wholemodule;
				SWIFT_OPTIMIZATION_LEVEL = "-O";
				VALIDATE_PRODUCT = YES;
			};
			name = Release;
		};
		987A63BF2A699D42005209BB /* Debug */ = {
			isa = XCBuildConfiguration;
			buildSettings = {
				ASSETCATALOG_COMPILER_APPICON_NAME = AppIcon;
				ASSETCATALOG_COMPILER_GLOBAL_ACCENT_COLOR_NAME = AccentColor;
				CODE_SIGN_STYLE = Automatic;
				CURRENT_PROJECT_VERSION = 1;
				DEVELOPMENT_ASSET_PATHS = "\"Rick and Morty Wiki/Preview Content\"";
				DEVELOPMENT_TEAM = P75WBV3JM9;
				ENABLE_PREVIEWS = YES;
				GENERATE_INFOPLIST_FILE = YES;
				INFOPLIST_KEY_UIApplicationSceneManifest_Generation = YES;
				INFOPLIST_KEY_UIApplicationSupportsIndirectInputEvents = YES;
				INFOPLIST_KEY_UILaunchScreen_Generation = YES;
				INFOPLIST_KEY_UISupportedInterfaceOrientations_iPad = "UIInterfaceOrientationPortrait UIInterfaceOrientationPortraitUpsideDown UIInterfaceOrientationLandscapeLeft UIInterfaceOrientationLandscapeRight";
				INFOPLIST_KEY_UISupportedInterfaceOrientations_iPhone = "UIInterfaceOrientationPortrait UIInterfaceOrientationLandscapeLeft UIInterfaceOrientationLandscapeRight";
				LD_RUNPATH_SEARCH_PATHS = (
					"$(inherited)",
					"@executable_path/Frameworks",
				);
				MARKETING_VERSION = 1.0;
				PRODUCT_BUNDLE_IDENTIFIER = "com.app.Rick-and-Morty-Wiki";
				PRODUCT_NAME = "$(TARGET_NAME)";
				SWIFT_EMIT_LOC_STRINGS = YES;
				SWIFT_VERSION = 5.0;
				TARGETED_DEVICE_FAMILY = "1,2";
			};
			name = Debug;
		};
		987A63C02A699D42005209BB /* Release */ = {
			isa = XCBuildConfiguration;
			buildSettings = {
				ASSETCATALOG_COMPILER_APPICON_NAME = AppIcon;
				ASSETCATALOG_COMPILER_GLOBAL_ACCENT_COLOR_NAME = AccentColor;
				CODE_SIGN_STYLE = Automatic;
				CURRENT_PROJECT_VERSION = 1;
				DEVELOPMENT_ASSET_PATHS = "\"Rick and Morty Wiki/Preview Content\"";
				DEVELOPMENT_TEAM = P75WBV3JM9;
				ENABLE_PREVIEWS = YES;
				GENERATE_INFOPLIST_FILE = YES;
				INFOPLIST_KEY_UIApplicationSceneManifest_Generation = YES;
				INFOPLIST_KEY_UIApplicationSupportsIndirectInputEvents = YES;
				INFOPLIST_KEY_UILaunchScreen_Generation = YES;
				INFOPLIST_KEY_UISupportedInterfaceOrientations_iPad = "UIInterfaceOrientationPortrait UIInterfaceOrientationPortraitUpsideDown UIInterfaceOrientationLandscapeLeft UIInterfaceOrientationLandscapeRight";
				INFOPLIST_KEY_UISupportedInterfaceOrientations_iPhone = "UIInterfaceOrientationPortrait UIInterfaceOrientationLandscapeLeft UIInterfaceOrientationLandscapeRight";
				LD_RUNPATH_SEARCH_PATHS = (
					"$(inherited)",
					"@executable_path/Frameworks",
				);
				MARKETING_VERSION = 1.0;
				PRODUCT_BUNDLE_IDENTIFIER = "com.app.Rick-and-Morty-Wiki";
				PRODUCT_NAME = "$(TARGET_NAME)";
				SWIFT_EMIT_LOC_STRINGS = YES;
				SWIFT_VERSION = 5.0;
				TARGETED_DEVICE_FAMILY = "1,2";
			};
			name = Release;
		};
		987A63C22A699D42005209BB /* Debug */ = {
			isa = XCBuildConfiguration;
			buildSettings = {
				ALWAYS_EMBED_SWIFT_STANDARD_LIBRARIES = YES;
				BUNDLE_LOADER = "$(TEST_HOST)";
				CODE_SIGN_STYLE = Automatic;
				CURRENT_PROJECT_VERSION = 1;
				DEVELOPMENT_TEAM = P75WBV3JM9;
				GENERATE_INFOPLIST_FILE = YES;
				IPHONEOS_DEPLOYMENT_TARGET = 16.4;
				MARKETING_VERSION = 1.0;
				PRODUCT_BUNDLE_IDENTIFIER = "com.app.Rick-and-Morty-WikiTests";
				PRODUCT_NAME = "$(TARGET_NAME)";
				SWIFT_EMIT_LOC_STRINGS = NO;
				SWIFT_VERSION = 5.0;
				TARGETED_DEVICE_FAMILY = "1,2";
				TEST_HOST = "$(BUILT_PRODUCTS_DIR)/Rick and Morty Wiki.app/$(BUNDLE_EXECUTABLE_FOLDER_PATH)/Rick and Morty Wiki";
			};
			name = Debug;
		};
		987A63C32A699D42005209BB /* Release */ = {
			isa = XCBuildConfiguration;
			buildSettings = {
				ALWAYS_EMBED_SWIFT_STANDARD_LIBRARIES = YES;
				BUNDLE_LOADER = "$(TEST_HOST)";
				CODE_SIGN_STYLE = Automatic;
				CURRENT_PROJECT_VERSION = 1;
				DEVELOPMENT_TEAM = P75WBV3JM9;
				GENERATE_INFOPLIST_FILE = YES;
				IPHONEOS_DEPLOYMENT_TARGET = 16.4;
				MARKETING_VERSION = 1.0;
				PRODUCT_BUNDLE_IDENTIFIER = "com.app.Rick-and-Morty-WikiTests";
				PRODUCT_NAME = "$(TARGET_NAME)";
				SWIFT_EMIT_LOC_STRINGS = NO;
				SWIFT_VERSION = 5.0;
				TARGETED_DEVICE_FAMILY = "1,2";
				TEST_HOST = "$(BUILT_PRODUCTS_DIR)/Rick and Morty Wiki.app/$(BUNDLE_EXECUTABLE_FOLDER_PATH)/Rick and Morty Wiki";
			};
			name = Release;
		};
/* End XCBuildConfiguration section */

/* Begin XCConfigurationList section */
		987A63952A699D42005209BB /* Build configuration list for PBXProject "Rick and Morty Wiki" */ = {
			isa = XCConfigurationList;
			buildConfigurations = (
				987A63BC2A699D42005209BB /* Debug */,
				987A63BD2A699D42005209BB /* Release */,
			);
			defaultConfigurationIsVisible = 0;
			defaultConfigurationName = Release;
		};
		987A63BE2A699D42005209BB /* Build configuration list for PBXNativeTarget "Rick and Morty Wiki" */ = {
			isa = XCConfigurationList;
			buildConfigurations = (
				987A63BF2A699D42005209BB /* Debug */,
				987A63C02A699D42005209BB /* Release */,
			);
			defaultConfigurationIsVisible = 0;
			defaultConfigurationName = Release;
		};
		987A63C12A699D42005209BB /* Build configuration list for PBXNativeTarget "Rick and Morty WikiTests" */ = {
			isa = XCConfigurationList;
			buildConfigurations = (
				987A63C22A699D42005209BB /* Debug */,
				987A63C32A699D42005209BB /* Release */,
			);
			defaultConfigurationIsVisible = 0;
			defaultConfigurationName = Release;
		};
/* End XCConfigurationList section */
	};
	rootObject = 987A63922A699D42005209BB /* Project object */;
}
